{
  "name": "language-sandbox",
  "version": "1.0.0",
  "lockfileVersion": 2,
  "requires": true,
  "packages": {
    "": {
      "name": "language-sandbox",
      "version": "1.0.0",
      "license": "MIT",
      "dependencies": {
        "@jasonsbarr/lexer": "^0.2.0",
        "@jasonsbarr/pratt-generator": "^0.1.0",
        "prettier": "^2.6.2"
      },
      "devDependencies": {}
    },
    "node_modules/@jasonsbarr/lexer": {
      "version": "0.2.0",
      "resolved": "https://registry.npmjs.org/@jasonsbarr/lexer/-/lexer-0.2.0.tgz",
      "integrity": "sha512-RZNniiVbjjOPQhC+7bqfkeXFIza0ntBBhWMdVZK62EUugyd5MYLMO1EgdrZydkgcKAvOND+bocnJX9Q0IeJIig=="
    },
    "node_modules/@jasonsbarr/pratt-generator": {
      "version": "0.1.0",
      "resolved": "https://registry.npmjs.org/@jasonsbarr/pratt-generator/-/pratt-generator-0.1.0.tgz",
      "integrity": "sha512-Mg9ylCPPtmAsfWJfHCnos6V1EkoanxqK92vwvKpIRmkiDNVcpKttc9U/cmUGhIPtSIsTyrbc6dVz56K0TsF7QQ=="
    },
    "node_modules/prettier": {
      "version": "2.6.2",
      "resolved": "https://registry.npmjs.org/prettier/-/prettier-2.6.2.tgz",
      "integrity": "sha512-PkUpF+qoXTqhOeWL9fu7As8LXsIUZ1WYaJiY/a7McAQzxjk82OF0tibkFXVCDImZtWxbvojFjerkiLb0/q8mew==",
      "bin": {
        "prettier": "bin-prettier.js"
      },
      "engines": {
        "node": ">=10.13.0"
      },
      "funding": {
        "url": "https://github.com/prettier/prettier?sponsor=1"
      }
    }
  },
  "dependencies": {
    "@jasonsbarr/lexer": {
      "version": "0.2.0",
      "resolved": "https://registry.npmjs.org/@jasonsbarr/lexer/-/lexer-0.2.0.tgz",
      "integrity": "sha512-RZNniiVbjjOPQhC+7bqfkeXFIza0ntBBhWMdVZK62EUugyd5MYLMO1EgdrZydkgcKAvOND+bocnJX9Q0IeJIig=="
    },
    "@jasonsbarr/pratt-generator": {
      "version": "0.1.0",
      "resolved": "https://registry.npmjs.org/@jasonsbarr/pratt-generator/-/pratt-generator-0.1.0.tgz",
      "integrity": "sha512-Mg9ylCPPtmAsfWJfHCnos6V1EkoanxqK92vwvKpIRmkiDNVcpKttc9U/cmUGhIPtSIsTyrbc6dVz56K0TsF7QQ=="
    },
    "prettier": {
      "version": "2.6.2",
      "resolved": "https://registry.npmjs.org/prettier/-/prettier-2.6.2.tgz",
      "integrity": "sha512-PkUpF+qoXTqhOeWL9fu7As8LXsIUZ1WYaJiY/a7McAQzxjk82OF0tibkFXVCDImZtWxbvojFjerkiLb0/q8mew=="
    }
  }
}
